// !$*UTF8*$!
{
	archiveVersion = 1;
	classes = {
	};
	objectVersion = 46;
	objects = {

/* Begin PBXBuildFile section */
		F1FBF81A60108D71ED2C36EA /* Pods_TwitterCloneCodepath.framework in Frameworks */ = {isa = PBXBuildFile; fileRef = 41265FF6DA98B1C5661C4ECD /* Pods_TwitterCloneCodepath.framework */; };
		FE10097A1DC54804000FA647 /* AppDelegate.swift in Sources */ = {isa = PBXBuildFile; fileRef = FE1009791DC54804000FA647 /* AppDelegate.swift */; };
		FE10097F1DC54804000FA647 /* Main.storyboard in Resources */ = {isa = PBXBuildFile; fileRef = FE10097D1DC54804000FA647 /* Main.storyboard */; };
		FE1009811DC54804000FA647 /* Assets.xcassets in Resources */ = {isa = PBXBuildFile; fileRef = FE1009801DC54804000FA647 /* Assets.xcassets */; };
		FE1009841DC54804000FA647 /* LaunchScreen.storyboard in Resources */ = {isa = PBXBuildFile; fileRef = FE1009821DC54804000FA647 /* LaunchScreen.storyboard */; };
		FE2C89A21DCE57C80099890E /* MenuViewController.swift in Sources */ = {isa = PBXBuildFile; fileRef = FE2C89A11DCE57C80099890E /* MenuViewController.swift */; };
		FE2C89A41DCE5A260099890E /* ProfileViewController.swift in Sources */ = {isa = PBXBuildFile; fileRef = FE2C89A31DCE5A260099890E /* ProfileViewController.swift */; };
		FE2C89A61DCE5A9E0099890E /* MentionsViewController.swift in Sources */ = {isa = PBXBuildFile; fileRef = FE2C89A51DCE5A9E0099890E /* MentionsViewController.swift */; };
		FE2C89AB1DCE5FD30099890E /* MenuCell.swift in Sources */ = {isa = PBXBuildFile; fileRef = FE2C89AA1DCE5FD30099890E /* MenuCell.swift */; };
		FE2C89AD1DCE6CF40099890E /* HamburgerViewController.swift in Sources */ = {isa = PBXBuildFile; fileRef = FE2C89AC1DCE6CF40099890E /* HamburgerViewController.swift */; };
		FE2C89AF1DD022950099890E /* ProfileCell.swift in Sources */ = {isa = PBXBuildFile; fileRef = FE2C89AE1DD022950099890E /* ProfileCell.swift */; };
		FE318FB91DC550C100DEFBB5 /* LoginViewController.swift in Sources */ = {isa = PBXBuildFile; fileRef = FE318FB81DC550C100DEFBB5 /* LoginViewController.swift */; };
		FE318FBD1DC5A8C000DEFBB5 /* User.swift in Sources */ = {isa = PBXBuildFile; fileRef = FE318FBC1DC5A8C000DEFBB5 /* User.swift */; };
		FE318FBF1DC5A8D900DEFBB5 /* Tweet.swift in Sources */ = {isa = PBXBuildFile; fileRef = FE318FBE1DC5A8D900DEFBB5 /* Tweet.swift */; };
		FE5A12C41DC71B9E00ACB5EB /* TweetCell.swift in Sources */ = {isa = PBXBuildFile; fileRef = FE5A12C31DC71B9E00ACB5EB /* TweetCell.swift */; };
		FE5A12C61DC78CD500ACB5EB /* ComposeTweetViewController.swift in Sources */ = {isa = PBXBuildFile; fileRef = FE5A12C51DC78CD500ACB5EB /* ComposeTweetViewController.swift */; };
		FE5A12C81DC78D2600ACB5EB /* ReadTweetViewController.swift in Sources */ = {isa = PBXBuildFile; fileRef = FE5A12C71DC78D2600ACB5EB /* ReadTweetViewController.swift */; };
		FEC6B9851DC880A30023EEBB /* ReplyViewController.swift in Sources */ = {isa = PBXBuildFile; fileRef = FEC6B9841DC880A30023EEBB /* ReplyViewController.swift */; };
		FEF8A6861DC6726F00DFBC7A /* TwitterClient.swift in Sources */ = {isa = PBXBuildFile; fileRef = FEF8A6851DC6726F00DFBC7A /* TwitterClient.swift */; };
		FEF8A6881DC6880B00DFBC7A /* TweetsViewController.swift in Sources */ = {isa = PBXBuildFile; fileRef = FEF8A6871DC6880B00DFBC7A /* TweetsViewController.swift */; };
/* End PBXBuildFile section */

/* Begin PBXFileReference section */
		1D2144EF35032D99775ED9BC /* Pods-TwitterCloneCodepath.release.xcconfig */ = {isa = PBXFileReference; includeInIndex = 1; lastKnownFileType = text.xcconfig; name = "Pods-TwitterCloneCodepath.release.xcconfig"; path = "Pods/Target Support Files/Pods-TwitterCloneCodepath/Pods-TwitterCloneCodepath.release.xcconfig"; sourceTree = "<group>"; };
		41265FF6DA98B1C5661C4ECD /* Pods_TwitterCloneCodepath.framework */ = {isa = PBXFileReference; explicitFileType = wrapper.framework; includeInIndex = 0; path = Pods_TwitterCloneCodepath.framework; sourceTree = BUILT_PRODUCTS_DIR; };
		F5F31841A2EB78243455AA29 /* Pods-TwitterCloneCodepath.debug.xcconfig */ = {isa = PBXFileReference; includeInIndex = 1; lastKnownFileType = text.xcconfig; name = "Pods-TwitterCloneCodepath.debug.xcconfig"; path = "Pods/Target Support Files/Pods-TwitterCloneCodepath/Pods-TwitterCloneCodepath.debug.xcconfig"; sourceTree = "<group>"; };
		FE1009761DC54804000FA647 /* TwitterCloneCodepath.app */ = {isa = PBXFileReference; explicitFileType = wrapper.application; includeInIndex = 0; path = TwitterCloneCodepath.app; sourceTree = BUILT_PRODUCTS_DIR; };
		FE1009791DC54804000FA647 /* AppDelegate.swift */ = {isa = PBXFileReference; lastKnownFileType = sourcecode.swift; path = AppDelegate.swift; sourceTree = "<group>"; };
		FE10097E1DC54804000FA647 /* Base */ = {isa = PBXFileReference; lastKnownFileType = file.storyboard; name = Base; path = Base.lproj/Main.storyboard; sourceTree = "<group>"; };
		FE1009801DC54804000FA647 /* Assets.xcassets */ = {isa = PBXFileReference; lastKnownFileType = folder.assetcatalog; path = Assets.xcassets; sourceTree = "<group>"; };
		FE1009831DC54804000FA647 /* Base */ = {isa = PBXFileReference; lastKnownFileType = file.storyboard; name = Base; path = Base.lproj/LaunchScreen.storyboard; sourceTree = "<group>"; };
		FE1009851DC54804000FA647 /* Info.plist */ = {isa = PBXFileReference; lastKnownFileType = text.plist.xml; path = Info.plist; sourceTree = "<group>"; };
		FE2C89A11DCE57C80099890E /* MenuViewController.swift */ = {isa = PBXFileReference; fileEncoding = 4; lastKnownFileType = sourcecode.swift; path = MenuViewController.swift; sourceTree = "<group>"; };
		FE2C89A31DCE5A260099890E /* ProfileViewController.swift */ = {isa = PBXFileReference; fileEncoding = 4; lastKnownFileType = sourcecode.swift; path = ProfileViewController.swift; sourceTree = "<group>"; };
		FE2C89A51DCE5A9E0099890E /* MentionsViewController.swift */ = {isa = PBXFileReference; fileEncoding = 4; lastKnownFileType = sourcecode.swift; path = MentionsViewController.swift; sourceTree = "<group>"; };
		FE2C89AA1DCE5FD30099890E /* MenuCell.swift */ = {isa = PBXFileReference; fileEncoding = 4; lastKnownFileType = sourcecode.swift; path = MenuCell.swift; sourceTree = "<group>"; };
		FE2C89AC1DCE6CF40099890E /* HamburgerViewController.swift */ = {isa = PBXFileReference; fileEncoding = 4; lastKnownFileType = sourcecode.swift; path = HamburgerViewController.swift; sourceTree = "<group>"; };
		FE2C89AE1DD022950099890E /* ProfileCell.swift */ = {isa = PBXFileReference; fileEncoding = 4; lastKnownFileType = sourcecode.swift; path = ProfileCell.swift; sourceTree = "<group>"; };
		FE318FB81DC550C100DEFBB5 /* LoginViewController.swift */ = {isa = PBXFileReference; fileEncoding = 4; lastKnownFileType = sourcecode.swift; path = LoginViewController.swift; sourceTree = "<group>"; };
		FE318FBC1DC5A8C000DEFBB5 /* User.swift */ = {isa = PBXFileReference; fileEncoding = 4; lastKnownFileType = sourcecode.swift; path = User.swift; sourceTree = "<group>"; };
		FE318FBE1DC5A8D900DEFBB5 /* Tweet.swift */ = {isa = PBXFileReference; fileEncoding = 4; lastKnownFileType = sourcecode.swift; path = Tweet.swift; sourceTree = "<group>"; };
		FE5A12C11DC6C90500ACB5EB /* TwitterCloneCodepath.entitlements */ = {isa = PBXFileReference; lastKnownFileType = text.plist.entitlements; path = TwitterCloneCodepath.entitlements; sourceTree = "<group>"; };
		FE5A12C31DC71B9E00ACB5EB /* TweetCell.swift */ = {isa = PBXFileReference; fileEncoding = 4; lastKnownFileType = sourcecode.swift; path = TweetCell.swift; sourceTree = "<group>"; };
		FE5A12C51DC78CD500ACB5EB /* ComposeTweetViewController.swift */ = {isa = PBXFileReference; fileEncoding = 4; lastKnownFileType = sourcecode.swift; path = ComposeTweetViewController.swift; sourceTree = "<group>"; };
		FE5A12C71DC78D2600ACB5EB /* ReadTweetViewController.swift */ = {isa = PBXFileReference; fileEncoding = 4; lastKnownFileType = sourcecode.swift; path = ReadTweetViewController.swift; sourceTree = "<group>"; };
		FEC6B9841DC880A30023EEBB /* ReplyViewController.swift */ = {isa = PBXFileReference; fileEncoding = 4; lastKnownFileType = sourcecode.swift; path = ReplyViewController.swift; sourceTree = "<group>"; };
		FEF8A6851DC6726F00DFBC7A /* TwitterClient.swift */ = {isa = PBXFileReference; fileEncoding = 4; lastKnownFileType = sourcecode.swift; path = TwitterClient.swift; sourceTree = "<group>"; };
		FEF8A6871DC6880B00DFBC7A /* TweetsViewController.swift */ = {isa = PBXFileReference; fileEncoding = 4; lastKnownFileType = sourcecode.swift; path = TweetsViewController.swift; sourceTree = "<group>"; };
/* End PBXFileReference section */

/* Begin PBXFrameworksBuildPhase section */
		FE1009731DC54804000FA647 /* Frameworks */ = {
			isa = PBXFrameworksBuildPhase;
			buildActionMask = 2147483647;
			files = (
				F1FBF81A60108D71ED2C36EA /* Pods_TwitterCloneCodepath.framework in Frameworks */,
			);
			runOnlyForDeploymentPostprocessing = 0;
		};
/* End PBXFrameworksBuildPhase section */

/* Begin PBXGroup section */
		0E724DC1F8F5E464F1E4A6FA /* Frameworks */ = {
			isa = PBXGroup;
			children = (
				41265FF6DA98B1C5661C4ECD /* Pods_TwitterCloneCodepath.framework */,
			);
			name = Frameworks;
			sourceTree = "<group>";
		};
		ED8BB301CC620D095D30F800 /* Pods */ = {
			isa = PBXGroup;
			children = (
				F5F31841A2EB78243455AA29 /* Pods-TwitterCloneCodepath.debug.xcconfig */,
				1D2144EF35032D99775ED9BC /* Pods-TwitterCloneCodepath.release.xcconfig */,
			);
			name = Pods;
			sourceTree = "<group>";
		};
		FE10096D1DC54804000FA647 = {
			isa = PBXGroup;
			children = (
				FE1009781DC54804000FA647 /* TwitterCloneCodepath */,
				FE1009771DC54804000FA647 /* Products */,
				ED8BB301CC620D095D30F800 /* Pods */,
				0E724DC1F8F5E464F1E4A6FA /* Frameworks */,
			);
			sourceTree = "<group>";
		};
		FE1009771DC54804000FA647 /* Products */ = {
			isa = PBXGroup;
			children = (
				FE1009761DC54804000FA647 /* TwitterCloneCodepath.app */,
			);
			name = Products;
			sourceTree = "<group>";
		};
		FE1009781DC54804000FA647 /* TwitterCloneCodepath */ = {
			isa = PBXGroup;
			children = (
				FE5A12C11DC6C90500ACB5EB /* TwitterCloneCodepath.entitlements */,
				FE318FBB1DC5A88500DEFBB5 /* Models */,
				FE318FBA1DC5A87F00DEFBB5 /* API */,
				FE5A12C21DC71B6D00ACB5EB /* Views */,
				FE318FB71DC5509300DEFBB5 /* ViewControllers */,
				FE1009791DC54804000FA647 /* AppDelegate.swift */,
				FE10097D1DC54804000FA647 /* Main.storyboard */,
				FE1009801DC54804000FA647 /* Assets.xcassets */,
				FE1009821DC54804000FA647 /* LaunchScreen.storyboard */,
				FE1009851DC54804000FA647 /* Info.plist */,
			);
			path = TwitterCloneCodepath;
			sourceTree = "<group>";
		};
		FE2C89A71DCE5BF70099890E /* HomeTimelineFlow */ = {
			isa = PBXGroup;
			children = (
				FEF8A6871DC6880B00DFBC7A /* TweetsViewController.swift */,
			);
			name = HomeTimelineFlow;
			sourceTree = "<group>";
		};
		FE2C89A81DCE5C2B0099890E /* ProfileFlow */ = {
			isa = PBXGroup;
			children = (
				FE2C89A31DCE5A260099890E /* ProfileViewController.swift */,
			);
			name = ProfileFlow;
			sourceTree = "<group>";
		};
		FE2C89A91DCE5D110099890E /* MentionsFlow */ = {
			isa = PBXGroup;
			children = (
				FE2C89A51DCE5A9E0099890E /* MentionsViewController.swift */,
			);
			name = MentionsFlow;
			sourceTree = "<group>";
		};
		FE318FB71DC5509300DEFBB5 /* ViewControllers */ = {
			isa = PBXGroup;
			children = (
				FEF738E51DD1888E00E23BF8 /* General */,
				FE2C89A91DCE5D110099890E /* MentionsFlow */,
				FE2C89A81DCE5C2B0099890E /* ProfileFlow */,
				FE2C89A71DCE5BF70099890E /* HomeTimelineFlow */,
			);
			name = ViewControllers;
			sourceTree = "<group>";
		};
		FE318FBA1DC5A87F00DEFBB5 /* API */ = {
			isa = PBXGroup;
			children = (
				FEF8A6851DC6726F00DFBC7A /* TwitterClient.swift */,
			);
			name = API;
			sourceTree = "<group>";
		};
		FE318FBB1DC5A88500DEFBB5 /* Models */ = {
			isa = PBXGroup;
			children = (
				FE318FBC1DC5A8C000DEFBB5 /* User.swift */,
				FE318FBE1DC5A8D900DEFBB5 /* Tweet.swift */,
			);
			name = Models;
			sourceTree = "<group>";
		};
		FE5A12C21DC71B6D00ACB5EB /* Views */ = {
			isa = PBXGroup;
			children = (
				FE5A12C31DC71B9E00ACB5EB /* TweetCell.swift */,
				FE2C89AA1DCE5FD30099890E /* MenuCell.swift */,
				FE2C89AE1DD022950099890E /* ProfileCell.swift */,
			);
			name = Views;
			sourceTree = "<group>";
		};
		FEF738E51DD1888E00E23BF8 /* General */ = {
			isa = PBXGroup;
			children = (
				FE318FB81DC550C100DEFBB5 /* LoginViewController.swift */,
				FE2C89A11DCE57C80099890E /* MenuViewController.swift */,
				FE2C89AC1DCE6CF40099890E /* HamburgerViewController.swift */,
				FEC6B9841DC880A30023EEBB /* ReplyViewController.swift */,
				FE5A12C51DC78CD500ACB5EB /* ComposeTweetViewController.swift */,
				FE5A12C71DC78D2600ACB5EB /* ReadTweetViewController.swift */,
			);
			name = General;
			sourceTree = "<group>";
		};
/* End PBXGroup section */

/* Begin PBXNativeTarget section */
		FE1009751DC54804000FA647 /* TwitterCloneCodepath */ = {
			isa = PBXNativeTarget;
			buildConfigurationList = FE1009881DC54804000FA647 /* Build configuration list for PBXNativeTarget "TwitterCloneCodepath" */;
			buildPhases = (
				3C3A0DAA097B041590DCDCBD /* [CP] Check Pods Manifest.lock */,
				FE1009721DC54804000FA647 /* Sources */,
				FE1009731DC54804000FA647 /* Frameworks */,
				FE1009741DC54804000FA647 /* Resources */,
				D73BC8F470F33E9431B6BF10 /* [CP] Embed Pods Frameworks */,
				B4893F7E0F33E60A0DB947DB /* [CP] Copy Pods Resources */,
			);
			buildRules = (
			);
			dependencies = (
			);
			name = TwitterCloneCodepath;
			productName = TwitterCloneCodepath;
			productReference = FE1009761DC54804000FA647 /* TwitterCloneCodepath.app */;
			productType = "com.apple.product-type.application";
		};
/* End PBXNativeTarget section */

/* Begin PBXProject section */
		FE10096E1DC54804000FA647 /* Project object */ = {
			isa = PBXProject;
			attributes = {
				LastSwiftUpdateCheck = 0800;
				LastUpgradeCheck = 0800;
				ORGANIZATIONNAME = Golavs;
				TargetAttributes = {
					FE1009751DC54804000FA647 = {
						CreatedOnToolsVersion = 8.0;
						DevelopmentTeam = Y6R7EDZYEP;
						ProvisioningStyle = Automatic;
						SystemCapabilities = {
							com.apple.Keychain = {
								enabled = 1;
							};
						};
					};
				};
			};
			buildConfigurationList = FE1009711DC54804000FA647 /* Build configuration list for PBXProject "TwitterCloneCodepath" */;
			compatibilityVersion = "Xcode 3.2";
			developmentRegion = English;
			hasScannedForEncodings = 0;
			knownRegions = (
				en,
				Base,
			);
			mainGroup = FE10096D1DC54804000FA647;
			productRefGroup = FE1009771DC54804000FA647 /* Products */;
			projectDirPath = "";
			projectRoot = "";
			targets = (
				FE1009751DC54804000FA647 /* TwitterCloneCodepath */,
			);
		};
/* End PBXProject section */

/* Begin PBXResourcesBuildPhase section */
		FE1009741DC54804000FA647 /* Resources */ = {
			isa = PBXResourcesBuildPhase;
			buildActionMask = 2147483647;
			files = (
				FE1009841DC54804000FA647 /* LaunchScreen.storyboard in Resources */,
				FE1009811DC54804000FA647 /* Assets.xcassets in Resources */,
				FE10097F1DC54804000FA647 /* Main.storyboard in Resources */,
			);
			runOnlyForDeploymentPostprocessing = 0;
		};
/* End PBXResourcesBuildPhase section */

/* Begin PBXShellScriptBuildPhase section */
		3C3A0DAA097B041590DCDCBD /* [CP] Check Pods Manifest.lock */ = {
			isa = PBXShellScriptBuildPhase;
			buildActionMask = 2147483647;
			files = (
			);
			inputPaths = (
			);
			name = "[CP] Check Pods Manifest.lock";
			outputPaths = (
			);
			runOnlyForDeploymentPostprocessing = 0;
			shellPath = /bin/sh;
			shellScript = "diff \"${PODS_ROOT}/../Podfile.lock\" \"${PODS_ROOT}/Manifest.lock\" > /dev/null\nif [ $? != 0 ] ; then\n    # print error to STDERR\n    echo \"error: The sandbox is not in sync with the Podfile.lock. Run 'pod install' or update your CocoaPods installation.\" >&2\n    exit 1\nfi\n";
			showEnvVarsInLog = 0;
		};
		B4893F7E0F33E60A0DB947DB /* [CP] Copy Pods Resources */ = {
			isa = PBXShellScriptBuildPhase;
			buildActionMask = 2147483647;
			files = (
			);
			inputPaths = (
			);
			name = "[CP] Copy Pods Resources";
			outputPaths = (
			);
			runOnlyForDeploymentPostprocessing = 0;
			shellPath = /bin/sh;
			shellScript = "\"${SRCROOT}/Pods/Target Support Files/Pods-TwitterCloneCodepath/Pods-TwitterCloneCodepath-resources.sh\"\n";
			showEnvVarsInLog = 0;
		};
		D73BC8F470F33E9431B6BF10 /* [CP] Embed Pods Frameworks */ = {
			isa = PBXShellScriptBuildPhase;
			buildActionMask = 2147483647;
			files = (
			);
			inputPaths = (
			);
			name = "[CP] Embed Pods Frameworks";
			outputPaths = (
			);
			runOnlyForDeploymentPostprocessing = 0;
			shellPath = /bin/sh;
			shellScript = "\"${SRCROOT}/Pods/Target Support Files/Pods-TwitterCloneCodepath/Pods-TwitterCloneCodepath-frameworks.sh\"\n";
			showEnvVarsInLog = 0;
		};
/* End PBXShellScriptBuildPhase section */

/* Begin PBXSourcesBuildPhase section */
		FE1009721DC54804000FA647 /* Sources */ = {
			isa = PBXSourcesBuildPhase;
			buildActionMask = 2147483647;
			files = (
				FE2C89AB1DCE5FD30099890E /* MenuCell.swift in Sources */,
				FEF8A6861DC6726F00DFBC7A /* TwitterClient.swift in Sources */,
				FEC6B9851DC880A30023EEBB /* ReplyViewController.swift in Sources */,
				FE2C89AD1DCE6CF40099890E /* HamburgerViewController.swift in Sources */,
				FE5A12C41DC71B9E00ACB5EB /* TweetCell.swift in Sources */,
				FE5A12C61DC78CD500ACB5EB /* ComposeTweetViewController.swift in Sources */,
				FE2C89A21DCE57C80099890E /* MenuViewController.swift in Sources */,
				FE2C89A61DCE5A9E0099890E /* MentionsViewController.swift in Sources */,
				FE318FB91DC550C100DEFBB5 /* LoginViewController.swift in Sources */,
				FE2C89A41DCE5A260099890E /* ProfileViewController.swift in Sources */,
				FEF8A6881DC6880B00DFBC7A /* TweetsViewController.swift in Sources */,
				FE5A12C81DC78D2600ACB5EB /* ReadTweetViewController.swift in Sources */,
				FE10097A1DC54804000FA647 /* AppDelegate.swift in Sources */,
				FE2C89AF1DD022950099890E /* ProfileCell.swift in Sources */,
				FE318FBD1DC5A8C000DEFBB5 /* User.swift in Sources */,
				FE318FBF1DC5A8D900DEFBB5 /* Tweet.swift in Sources */,
			);
			runOnlyForDeploymentPostprocessing = 0;
		};
/* End PBXSourcesBuildPhase section */

/* Begin PBXVariantGroup section */
		FE10097D1DC54804000FA647 /* Main.storyboard */ = {
			isa = PBXVariantGroup;
			children = (
				FE10097E1DC54804000FA647 /* Base */,
			);
			name = Main.storyboard;
			sourceTree = "<group>";
		};
		FE1009821DC54804000FA647 /* LaunchScreen.storyboard */ = {
			isa = PBXVariantGroup;
			children = (
				FE1009831DC54804000FA647 /* Base */,
			);
			name = LaunchScreen.storyboard;
			sourceTree = "<group>";
		};
/* End PBXVariantGroup section */

/* Begin XCBuildConfiguration section */
		FE1009861DC54804000FA647 /* Debug */ = {
			isa = XCBuildConfiguration;
			buildSettings = {
				ALWAYS_SEARCH_USER_PATHS = NO;
				CLANG_ANALYZER_NONNULL = YES;
				CLANG_CXX_LANGUAGE_STANDARD = "gnu++0x";
				CLANG_CXX_LIBRARY = "libc++";
				CLANG_ENABLE_MODULES = YES;
				CLANG_ENABLE_OBJC_ARC = YES;
				CLANG_WARN_BOOL_CONVERSION = YES;
				CLANG_WARN_CONSTANT_CONVERSION = YES;
				CLANG_WARN_DIRECT_OBJC_ISA_USAGE = YES_ERROR;
				CLANG_WARN_DOCUMENTATION_COMMENTS = YES;
				CLANG_WARN_EMPTY_BODY = YES;
				CLANG_WARN_ENUM_CONVERSION = YES;
				CLANG_WARN_INFINITE_RECURSION = YES;
				CLANG_WARN_INT_CONVERSION = YES;
				CLANG_WARN_OBJC_ROOT_CLASS = YES_ERROR;
				CLANG_WARN_SUSPICIOUS_MOVE = YES;
				CLANG_WARN_SUSPICIOUS_MOVES = YES;
				CLANG_WARN_UNREACHABLE_CODE = YES;
				CLANG_WARN__DUPLICATE_METHOD_MATCH = YES;
				"CODE_SIGN_IDENTITY[sdk=iphoneos*]" = "iPhone Developer";
				COPY_PHASE_STRIP = NO;
				DEBUG_INFORMATION_FORMAT = dwarf;
				ENABLE_STRICT_OBJC_MSGSEND = YES;
				ENABLE_TESTABILITY = YES;
				GCC_C_LANGUAGE_STANDARD = gnu99;
				GCC_DYNAMIC_NO_PIC = NO;
				GCC_NO_COMMON_BLOCKS = YES;
				GCC_OPTIMIZATION_LEVEL = 0;
				GCC_PREPROCESSOR_DEFINITIONS = (
					"DEBUG=1",
					"$(inherited)",
				);
				GCC_WARN_64_TO_32_BIT_CONVERSION = YES;
				GCC_WARN_ABOUT_RETURN_TYPE = YES_ERROR;
				GCC_WARN_UNDECLARED_SELECTOR = YES;
				GCC_WARN_UNINITIALIZED_AUTOS = YES_AGGRESSIVE;
				GCC_WARN_UNUSED_FUNCTION = YES;
				GCC_WARN_UNUSED_VARIABLE = YES;
				IPHONEOS_DEPLOYMENT_TARGET = 10.0;
				MTL_ENABLE_DEBUG_INFO = YES;
				ONLY_ACTIVE_ARCH = YES;
				SDKROOT = iphoneos;
				SWIFT_ACTIVE_COMPILATION_CONDITIONS = DEBUG;
				SWIFT_OPTIMIZATION_LEVEL = "-Onone";
			};
			name = Debug;
		};
		FE1009871DC54804000FA647 /* Release */ = {
			isa = XCBuildConfiguration;
			buildSettings = {
				ALWAYS_SEARCH_USER_PATHS = NO;
				CLANG_ANALYZER_NONNULL = YES;
				CLANG_CXX_LANGUAGE_STANDARD = "gnu++0x";
				CLANG_CXX_LIBRARY = "libc++";
				CLANG_ENABLE_MODULES = YES;
				CLANG_ENABLE_OBJC_ARC = YES;
				CLANG_WARN_BOOL_CONVERSION = YES;
				CLANG_WARN_CONSTANT_CONVERSION = YES;
				CLANG_WARN_DIRECT_OBJC_ISA_USAGE = YES_ERROR;
				CLANG_WARN_DOCUMENTATION_COMMENTS = YES;
				CLANG_WARN_EMPTY_BODY = YES;
				CLANG_WARN_ENUM_CONVERSION = YES;
				CLANG_WARN_INFINITE_RECURSION = YES;
				CLANG_WARN_INT_CONVERSION = YES;
				CLANG_WARN_OBJC_ROOT_CLASS = YES_ERROR;
				CLANG_WARN_SUSPICIOUS_MOVE = YES;
				CLANG_WARN_SUSPICIOUS_MOVES = YES;
				CLANG_WARN_UNREACHABLE_CODE = YES;
				CLANG_WARN__DUPLICATE_METHOD_MATCH = YES;
				"CODE_SIGN_IDENTITY[sdk=iphoneos*]" = "iPhone Developer";
				COPY_PHASE_STRIP = NO;
				DEBUG_INFORMATION_FORMAT = "dwarf-with-dsym";
				ENABLE_NS_ASSERTIONS = NO;
				ENABLE_STRICT_OBJC_MSGSEND = YES;
				GCC_C_LANGUAGE_STANDARD = gnu99;
				GCC_NO_COMMON_BLOCKS = YES;
				GCC_WARN_64_TO_32_BIT_CONVERSION = YES;
				GCC_WARN_ABOUT_RETURN_TYPE = YES_ERROR;
				GCC_WARN_UNDECLARED_SELECTOR = YES;
				GCC_WARN_UNINITIALIZED_AUTOS = YES_AGGRESSIVE;
				GCC_WARN_UNUSED_FUNCTION = YES;
				GCC_WARN_UNUSED_VARIABLE = YES;
				IPHONEOS_DEPLOYMENT_TARGET = 10.0;
				MTL_ENABLE_DEBUG_INFO = NO;
				SDKROOT = iphoneos;
				SWIFT_OPTIMIZATION_LEVEL = "-Owholemodule";
				VALIDATE_PRODUCT = YES;
			};
			name = Release;
		};
		FE1009891DC54804000FA647 /* Debug */ = {
			isa = XCBuildConfiguration;
			baseConfigurationReference = F5F31841A2EB78243455AA29 /* Pods-TwitterCloneCodepath.debug.xcconfig */;
			buildSettings = {
				ASSETCATALOG_COMPILER_APPICON_NAME = AppIcon;
				CODE_SIGN_ENTITLEMENTS = TwitterCloneCodepath/TwitterCloneCodepath.entitlements;
				DEVELOPMENT_TEAM = Y6R7EDZYEP;
				INFOPLIST_FILE = TwitterCloneCodepath/Info.plist;
				LD_RUNPATH_SEARCH_PATHS = "$(inherited) @executable_path/Frameworks";
				PRODUCT_BUNDLE_IDENTIFIER = com.codepath.twitterredux;
				PRODUCT_NAME = "$(TARGET_NAME)";
				SWIFT_VERSION = 3.0;
			};
			name = Debug;
		};
		FE10098A1DC54804000FA647 /* Release */ = {
			isa = XCBuildConfiguration;
			baseConfigurationReference = 1D2144EF35032D99775ED9BC /* Pods-TwitterCloneCodepath.release.xcconfig */;
			buildSettings = {
				ASSETCATALOG_COMPILER_APPICON_NAME = AppIcon;
				CODE_SIGN_ENTITLEMENTS = TwitterCloneCodepath/TwitterCloneCodepath.entitlements;
				DEVELOPMENT_TEAM = Y6R7EDZYEP;
				INFOPLIST_FILE = TwitterCloneCodepath/Info.plist;
				LD_RUNPATH_SEARCH_PATHS = "$(inherited) @executable_path/Frameworks";
				PRODUCT_BUNDLE_IDENTIFIER = com.codepath.twitterredux;
				PRODUCT_NAME = "$(TARGET_NAME)";
				SWIFT_VERSION = 3.0;
			};
			name = Release;
		};
/* End XCBuildConfiguration section */

/* Begin XCConfigurationList section */
		FE1009711DC54804000FA647 /* Build configuration list for PBXProject "TwitterCloneCodepath" */ = {
			isa = XCConfigurationList;
			buildConfigurations = (
				FE1009861DC54804000FA647 /* Debug */,
				FE1009871DC54804000FA647 /* Release */,
			);
			defaultConfigurationIsVisible = 0;
			defaultConfigurationName = Release;
		};
		FE1009881DC54804000FA647 /* Build configuration list for PBXNativeTarget "TwitterCloneCodepath" */ = {
			isa = XCConfigurationList;
			buildConfigurations = (
				FE1009891DC54804000FA647 /* Debug */,
				FE10098A1DC54804000FA647 /* Release */,
			);
			defaultConfigurationIsVisible = 0;
			defaultConfigurationName = Release;
		};
/* End XCConfigurationList section */
	};
	rootObject = FE10096E1DC54804000FA647 /* Project object */;
}
